{
    "_readme": [
        "This file locks the dependencies of your project to a known state",
        "Read more about it at https://getcomposer.org/doc/01-basic-usage.md#installing-dependencies",
        "This file is @generated automatically"
    ],
    "content-hash": "bbc6e1d25b65e8da751f3c6e081e1a85",
    "packages": [
        {
            "name": "ec-europa/toolkit",
            "version": "9.1.0",
            "source": {
                "type": "git",
                "url": "https://github.com/ec-europa/toolkit.git",
                "reference": "6e8bc61af2a0770df22aea6ae1b7aee1a446443b"
            },
            "dist": {
                "type": "zip",
                "url": "https://api.github.com/repos/ec-europa/toolkit/zipball/6e8bc61af2a0770df22aea6ae1b7aee1a446443b",
                "reference": "6e8bc61af2a0770df22aea6ae1b7aee1a446443b",
                "shasum": ""
            },
            "require": {
                "behat/behat": "^3.7 || ^3.8",
                "consolidation/annotated-command": "^4.5 <4.5.7",
                "consolidation/robo": "^3.0 || ^4.0",
                "cweagans/composer-patches": "^1.4 || ^1.7",
                "drush/drush": "^9.7.1 || ^10.0.0 || ^11.0.4",
                "ec-europa/qa-automation": "^9.0",
                "ext-curl": "*",
                "ext-dom": "*",
                "ext-json": "*",
                "ext-simplexml": "*",
                "guzzlehttp/guzzle": "^6.3 || ^7.0",
                "jakeasmith/http_build_url": "^1.0",
                "mglaman/phpstan-drupal": "^1.1",
                "php": ">=8.1",
                "php-parallel-lint/php-parallel-lint": "^1.3",
                "phpmd/phpmd": "^2.12",
                "phpstan/extension-installer": "^1.2",
                "phpstan/phpstan-deprecation-rules": "^1.0",
                "phpunit/phpunit": "^7.5 || ^9.5",
                "squizlabs/php_codesniffer": "^3.7"
            },
            "suggest": {
                "drupal/console": "The Drupal CLI, tool to generate boilerplate code, interact with and debug Drupal."
            },
            "bin": [
                "run"
            ],
            "type": "library",
            "extra": {
                "enable-patching": true,
                "composer-exit-on-patch-failure": true
            },
            "autoload": {
                "psr-4": {
                    "EcEuropa\\Toolkit\\": "./src/"
                }
            },
            "notification-url": "https://packagist.org/downloads/",
            "license": [
                "EUPL-1.2"
            ],
            "description": "Toolkit packaged for Drupal 9.",
            "homepage": "https://github.com/ec-europa/toolkit",
            "support": {
                "email": "DIGIT-NEXTEUROPA-QA@ec.europa.eu",
                "source": "https://github.com/ec-europa/toolkit"
            },
            "time": "2022-10-27T15:30:45+00:00"
        },
        {
            "name": "drupal/core",
            "version": "9.4.11",
            "source": {
                "type": "git",
                "url": "https://github.com/drupal/core.git",
                "reference": "a627d1b2a00f2cef0572e37b94dea298800541f4"
            },
            "dist": {
                "type": "zip",
                "url": "https://api.github.com/repos/drupal/core/zipball/a627d1b2a00f2cef0572e37b94dea298800541f4",
                "reference": "a627d1b2a00f2cef0572e37b94dea298800541f4",
                "shasum": ""
            },
            "require": {
                "asm89/stack-cors": "^1.3",
                "composer/semver": "^3.3",
                "doctrine/annotations": "^1.13",
                "doctrine/reflection": "^1.2",
                "egulias/email-validator": "^2.1.22|^3.2",
                "ext-date": "*",
                "ext-dom": "*",
                "ext-filter": "*",
                "ext-gd": "*",
                "ext-hash": "*",
                "ext-json": "*",
                "ext-pcre": "*",
                "ext-pdo": "*",
                "ext-session": "*",
                "ext-simplexml": "*",
                "ext-spl": "*",
                "ext-tokenizer": "*",
                "ext-xml": "*",
                "guzzlehttp/guzzle": "^6.5.8 || ^7.4.5",
                "laminas/laminas-diactoros": "^2.11",
                "laminas/laminas-feed": "^2.17",
                "masterminds/html5": "^2.7",
                "pear/archive_tar": "^1.4.14",
                "php": ">=7.3.0",
                "psr/log": "^1.1",
                "stack/builder": "^1.0",
                "symfony-cmf/routing": "^2.3",
                "symfony/console": "^4.4",
                "symfony/dependency-injection": "^4.4",
                "symfony/event-dispatcher": "^4.4",
                "symfony/http-foundation": "^4.4.7",
                "symfony/http-kernel": "^4.4",
                "symfony/mime": "^5.4",
                "symfony/polyfill-iconv": "^1.25",
                "symfony/polyfill-php80": "^1.25",
                "symfony/process": "^4.4",
                "symfony/psr-http-message-bridge": "^2.1",
                "symfony/routing": "^4.4",
                "symfony/serializer": "^4.4",
                "symfony/translation": "^4.4",
                "symfony/validator": "^4.4",
                "symfony/yaml": "^4.4.19",
                "twig/twig": "^2.15.3",
                "typo3/phar-stream-wrapper": "^3.1.3"
            },
            "conflict": {
                "drush/drush": "<8.1.10",
                "symfony/http-foundation": "4.4.42"
            },
            "replace": {
                "drupal/core-annotation": "self.version",
                "drupal/core-assertion": "self.version",
                "drupal/core-bridge": "self.version",
                "drupal/core-class-finder": "self.version",
                "drupal/core-datetime": "self.version",
                "drupal/core-dependency-injection": "self.version",
                "drupal/core-diff": "self.version",
                "drupal/core-discovery": "self.version",
                "drupal/core-event-dispatcher": "self.version",
                "drupal/core-file-cache": "self.version",
                "drupal/core-file-security": "self.version",
                "drupal/core-filesystem": "self.version",
                "drupal/core-front-matter": "self.version",
                "drupal/core-gettext": "self.version",
                "drupal/core-graph": "self.version",
                "drupal/core-http-foundation": "self.version",
                "drupal/core-php-storage": "self.version",
                "drupal/core-plugin": "self.version",
                "drupal/core-proxy-builder": "self.version",
                "drupal/core-render": "self.version",
                "drupal/core-serialization": "self.version",
                "drupal/core-transliteration": "self.version",
                "drupal/core-utility": "self.version",
                "drupal/core-uuid": "self.version",
                "drupal/core-version": "self.version"
            },
            "type": "drupal-core",
            "extra": {
                "drupal-scaffold": {
                    "file-mapping": {
                        "[project-root]/.editorconfig": "assets/scaffold/files/editorconfig",
                        "[project-root]/.gitattributes": "assets/scaffold/files/gitattributes",
                        "[web-root]/.csslintrc": "assets/scaffold/files/csslintrc",
                        "[web-root]/.eslintignore": "assets/scaffold/files/eslintignore",
                        "[web-root]/.eslintrc.json": "assets/scaffold/files/eslintrc.json",
                        "[web-root]/.ht.router.php": "assets/scaffold/files/ht.router.php",
                        "[web-root]/.htaccess": "assets/scaffold/files/htaccess",
                        "[web-root]/example.gitignore": "assets/scaffold/files/example.gitignore",
                        "[web-root]/index.php": "assets/scaffold/files/index.php",
                        "[web-root]/INSTALL.txt": "assets/scaffold/files/drupal.INSTALL.txt",
                        "[web-root]/README.md": "assets/scaffold/files/drupal.README.md",
                        "[web-root]/robots.txt": "assets/scaffold/files/robots.txt",
                        "[web-root]/update.php": "assets/scaffold/files/update.php",
                        "[web-root]/web.config": "assets/scaffold/files/web.config",
                        "[web-root]/sites/README.txt": "assets/scaffold/files/sites.README.txt",
                        "[web-root]/sites/development.services.yml": "assets/scaffold/files/development.services.yml",
                        "[web-root]/sites/example.settings.local.php": "assets/scaffold/files/example.settings.local.php",
                        "[web-root]/sites/example.sites.php": "assets/scaffold/files/example.sites.php",
                        "[web-root]/sites/default/default.services.yml": "assets/scaffold/files/default.services.yml",
                        "[web-root]/sites/default/default.settings.php": "assets/scaffold/files/default.settings.php",
                        "[web-root]/modules/README.txt": "assets/scaffold/files/modules.README.txt",
                        "[web-root]/profiles/README.txt": "assets/scaffold/files/profiles.README.txt",
                        "[web-root]/themes/README.txt": "assets/scaffold/files/themes.README.txt"
                    }
                }
            },
            "autoload": {
                "files": [
                    "includes/bootstrap.inc",
                    "includes/guzzle_php81_shim.php"
                ],
                "psr-4": {
                    "Drupal\\Core\\": "lib/Drupal/Core",
                    "Drupal\\Driver\\": "../drivers/lib/Drupal/Driver",
                    "Drupal\\Component\\": "lib/Drupal/Component"
                },
                "classmap": [
                    "lib/Drupal.php",
                    "lib/Drupal/Component/DependencyInjection/Container.php",
                    "lib/Drupal/Component/DependencyInjection/PhpArrayContainer.php",
                    "lib/Drupal/Component/FileCache/FileCacheFactory.php",
                    "lib/Drupal/Component/Utility/Timer.php",
                    "lib/Drupal/Component/Utility/Unicode.php",
                    "lib/Drupal/Core/Cache/Cache.php",
                    "lib/Drupal/Core/Cache/CacheBackendInterface.php",
                    "lib/Drupal/Core/Cache/CacheTagsChecksumInterface.php",
                    "lib/Drupal/Core/Cache/CacheTagsChecksumTrait.php",
                    "lib/Drupal/Core/Cache/CacheTagsInvalidatorInterface.php",
                    "lib/Drupal/Core/Cache/DatabaseBackend.php",
                    "lib/Drupal/Core/Cache/DatabaseCacheTagsChecksum.php",
                    "lib/Drupal/Core/Database/Connection.php",
                    "lib/Drupal/Core/Database/Database.php",
                    "lib/Drupal/Core/Database/Statement.php",
                    "lib/Drupal/Core/Database/StatementInterface.php",
                    "lib/Drupal/Core/DependencyInjection/Container.php",
                    "lib/Drupal/Core/DrupalKernel.php",
                    "lib/Drupal/Core/DrupalKernelInterface.php",
                    "lib/Drupal/Core/Http/InputBag.php",
                    "lib/Drupal/Core/Installer/InstallerRedirectTrait.php",
                    "lib/Drupal/Core/Site/Settings.php"
                ]
            },
            "notification-url": "https://packagist.org/downloads/",
            "license": [
                "GPL-2.0-or-later"
            ],
            "description": "Drupal is an open source content management platform powering millions of websites and applications.",
            "support": {
                "source": "https://github.com/drupal/core/tree/9.4.11"
            },
            "time": "2022-10-06T15:57:08+00:00"
        },
        {
            "name": "drupal/core-composer-scaffold",
            "version": "9.4.11",
            "source": {
                "type": "git",
                "url": "https://github.com/drupal/core-composer-scaffold.git",
                "reference": "5f37a9e4008b34e3e4f6bb34ce0b3f7e5ec8984f"
            },
            "dist": {
                "type": "zip",
                "url": "https://api.github.com/repos/drupal/core-composer-scaffold/zipball/5f37a9e4008b34e3e4f6bb34ce0b3f7e5ec8984f",
                "reference": "5f37a9e4008b34e3e4f6bb34ce0b3f7e5ec8984f",
                "shasum": ""
            },
            "require": {
                "composer-plugin-api": "^1 || ^2",
                "php": ">=7.3.0"
            },
            "conflict": {
                "drupal-composer/drupal-scaffold": "*"
            },
            "require-dev": {
                "composer/composer": "^1.8@stable"
            },
            "type": "composer-plugin",
            "extra": {
                "class": "Drupal\\Composer\\Plugin\\Scaffold\\Plugin",
                "branch-alias": {
                    "dev-master": "1.0.x-dev"
                }
            },
            "autoload": {
                "psr-4": {
                    "Drupal\\Composer\\Plugin\\Scaffold\\": ""
                }
            },
            "notification-url": "https://packagist.org/downloads/",
            "license": [
                "GPL-2.0-or-later"
            ],
            "description": "A flexible Composer project scaffold builder.",
            "homepage": "https://www.drupal.org/project/drupal",
            "keywords": [
                "drupal"
            ],
            "support": {
                "source": "https://github.com/drupal/core-composer-scaffold/tree/9.4.11"
            },
            "time": "2022-06-19T16:14:23+00:00"
        }
    ],
    "packages-dev": [
        {
            "name": "vlucas/phpdotenv",
            "version": "v3.6.10",
            "source": {
                "type": "git",
                "url": "https://github.com/vlucas/phpdotenv.git",
                "reference": "5b547cdb25825f10251370f57ba5d9d924e6f68e"
            },
            "dist": {
                "type": "zip",
                "url": "https://api.github.com/repos/vlucas/phpdotenv/zipball/5b547cdb25825f10251370f57ba5d9d924e6f68e",
                "reference": "5b547cdb25825f10251370f57ba5d9d924e6f68e",
                "shasum": ""
            },
            "require": {
                "php": "^5.4 || ^7.0 || ^8.0",
                "phpoption/phpoption": "^1.5.2",
                "symfony/polyfill-ctype": "^1.17"
            },
            "require-dev": {
                "ext-filter": "*",
                "ext-pcre": "*",
                "phpunit/phpunit": "^4.8.36 || ^5.7.27 || ^6.5.14 || ^7.5.20 || ^8.5.21"
            },
            "suggest": {
                "ext-filter": "Required to use the boolean validator.",
                "ext-pcre": "Required to use most of the library."
            },
            "type": "library",
            "extra": {
                "branch-alias": {
                    "dev-master": "3.6-dev"
                }
            },
            "autoload": {
                "psr-4": {
                    "Dotenv\\": "src/"
                }
            },
            "notification-url": "https://packagist.org/downloads/",
            "license": [
                "BSD-3-Clause"
            ],
            "authors": [
                {
                    "name": "Graham Campbell",
                    "email": "hello@gjcampbell.co.uk",
                    "homepage": "https://github.com/GrahamCampbell"
                },
                {
                    "name": "Vance Lucas",
                    "email": "vance@vancelucas.com",
                    "homepage": "https://github.com/vlucas"
                }
            ],
            "description": "Loads environment variables from `.env` to `getenv()`, `$_ENV` and `$_SERVER` automagically.",
            "keywords": [
                "dotenv",
                "env",
                "environment"
            ],
            "support": {
                "issues": "https://github.com/vlucas/phpdotenv/issues",
                "source": "https://github.com/vlucas/phpdotenv/tree/v3.6.10"
            },
            "funding": [
                {
                    "url": "https://github.com/GrahamCampbell",
                    "type": "github"
                },
                {
                    "url": "https://tidelift.com/funding/github/packagist/vlucas/phpdotenv",
                    "type": "tidelift"
                }
            ],
            "time": "2021-12-12T23:02:06+00:00"
        }
    ],
    "aliases": [],
    "minimum-stability": "dev",
    "stability-flags": {
        "drupal/config_split": 5,
        "drupal/gin": 10,
        "drupal/gin_toolbar": 10,
        "drupal/github_connect": 15,
        "drupal/dropsolid_purge": 10,
        "drupal/cas_attributes": 10
    },
    "prefer-stable": true,
    "prefer-lowest": false,
    "platform": [],
    "platform-dev": [],
    "plugin-api-version": "2.3.0"
}
